
Microsoft Visual Studio Solution File, Format Version 12.00
# Visual Studio Version 16
VisualStudioVersion = 16.0.30104.148
MinimumVisualStudioVersion = 10.0.40219.1
Project("{9A19103F-16F7-4668-BE54-9A1E7A4F7556}") = "Core", "Core\Core.csproj", "{1E207FE3-61CA-46C6-82D0-5F1D7053CDDE}"
EndProject
Project("{9A19103F-16F7-4668-BE54-9A1E7A4F7556}") = "Daemon", "Daemon\Daemon.csproj", "{EB9F2B12-27B9-4A5C-B10C-083D01BD3282}"
EndProject
Project("{FAE04EC0-301F-11D3-BF4B-00C04F79EFBC}") = "Locksmith.Ctl", "locksmithctl\Locksmith.Ctl.csproj", "{D9A7C6C2-03DB-4413-A685-AFD74FB252B4}"
EndProject
Global
	GlobalSection(SolutionConfigurationPlatforms) = preSolution
		Debug|Any CPU = Debug|Any CPU
		Release|Any CPU = Release|Any CPU
	EndGlobalSection
	GlobalSection(ProjectConfigurationPlatforms) = postSolution
		{1E207FE3-61CA-46C6-82D0-5F1D7053CDDE}.Debug|Any CPU.ActiveCfg = Debug|Any CPU
		{1E207FE3-61CA-46C6-82D0-5F1D7053CDDE}.Debug|Any CPU.Build.0 = Debug|Any CPU
		{1E207FE3-61CA-46C6-82D0-5F1D7053CDDE}.Release|Any CPU.ActiveCfg = Release|Any CPU
		{1E207FE3-61CA-46C6-82D0-5F1D7053CDDE}.Release|Any CPU.Build.0 = Release|Any CPU
		{EB9F2B12-27B9-4A5C-B10C-083D01BD3282}.Debug|Any CPU.ActiveCfg = Debug|Any CPU
		{EB9F2B12-27B9-4A5C-B10C-083D01BD3282}.Debug|Any CPU.Build.0 = Debug|Any CPU
		{EB9F2B12-27B9-4A5C-B10C-083D01BD3282}.Release|Any CPU.ActiveCfg = Release|Any CPU
		{EB9F2B12-27B9-4A5C-B10C-083D01BD3282}.Release|Any CPU.Build.0 = Release|Any CPU
		{D9A7C6C2-03DB-4413-A685-AFD74FB252B4}.Debug|Any CPU.ActiveCfg = Debug|Any CPU
		{D9A7C6C2-03DB-4413-A685-AFD74FB252B4}.Debug|Any CPU.Build.0 = Debug|Any CPU
		{D9A7C6C2-03DB-4413-A685-AFD74FB252B4}.Release|Any CPU.ActiveCfg = Release|Any CPU
		{D9A7C6C2-03DB-4413-A685-AFD74FB252B4}.Release|Any CPU.Build.0 = Release|Any CPU
	EndGlobalSection
	GlobalSection(SolutionProperties) = preSolution
		HideSolutionNode = FALSE
	EndGlobalSection
	GlobalSection(ExtensibilityGlobals) = postSolution
		SolutionGuid = {CA6B9BCC-859E-4981-8CCE-7E25ACE71A4D}
	EndGlobalSection
EndGlobal
